{
	"name": "@airbnb/lunar-forms",
	"version": "1.0.0-alpha.1",
	"lockfileVersion": 1,
	"requires": true,
	"dependencies": {
		"@types/lodash": {
			"version": "4.14.122",
			"resolved": "https://registry.npmjs.org/@types/lodash/-/lodash-4.14.122.tgz",
			"integrity": "sha512-9IdED8wU93ty8gP06ninox+42SBSJHp2IAamsSYMUY76mshRTeUsid/gtbl8ovnOwy8im41ib4cxTiIYMXGKew=="
		}
	}
}
