{
	"name": "@airbnb/lunar",
	"version": "1.1.0",
	"lockfileVersion": 1,
	"requires": true,
	"dependencies": {
		"@babel/runtime": {
			"version": "7.3.4",
			"resolved": "https://registry.npmjs.org/@babel/runtime/-/runtime-7.3.4.tgz",
			"integrity": "sha512-IvfvnMdSaLBateu0jfsYIpZTxAc2cKEXEMiezGGN75QcBcecDUKd3PgLAncT0oOgxKy8dd8hrJKj9MfzgfZd6g==",
			"requires": {
				"regenerator-runtime": "^0.12.0"
			}
		},
		"@types/airbnb-prop-types": {
			"version": "2.11.0",
			"resolved": "https://registry.npmjs.org/@types/airbnb-prop-types/-/airbnb-prop-types-2.11.0.tgz",
			"integrity": "sha512-IKkspmKofCMXxUrndk0OPtINykSUuKi6uqZTaqgvI8Am1fFKfEukdGkDDQBnpMP9oT92WKgxuXMGM+MIScv7yg==",
			"requires": {
				"@types/prop-types": "*"
			}
		},
		"@types/extend": {
			"version": "3.0.1",
			"resolved": "https://registry.npmjs.org/@types/extend/-/extend-3.0.1.tgz",
			"integrity": "sha512-R1g/VyKFFI2HLC1QGAeTtCBWCo6n75l41OnsVYNbmKG+kempOESaodf6BeJyUM3Q0rKa/NQcTHbB2+66lNnxLw=="
		},
		"@types/hoist-non-react-statics": {
			"version": "3.3.0",
			"resolved": "https://registry.npmjs.org/@types/hoist-non-react-statics/-/hoist-non-react-statics-3.3.0.tgz",
			"integrity": "sha512-O2OGyW9wlO2bbDmZRH17MecArQfsIa1g//ve2IJk6BnmwEglFz5kdhP1BlgeqjVNH5IHIhsc83DWFo8StCe8+Q==",
			"requires": {
				"@types/react": "*"
			}
		},
		"@types/lodash": {
			"version": "4.14.122",
			"resolved": "https://registry.npmjs.org/@types/lodash/-/lodash-4.14.122.tgz",
			"integrity": "sha512-9IdED8wU93ty8gP06ninox+42SBSJHp2IAamsSYMUY76mshRTeUsid/gtbl8ovnOwy8im41ib4cxTiIYMXGKew=="
		},
		"@types/node": {
			"version": "11.10.5",
			"resolved": "https://registry.npmjs.org/@types/node/-/node-11.10.5.tgz",
			"integrity": "sha512-DuIRlQbX4K+d5I+GMnv+UfnGh+ist0RdlvOp+JZ7ePJ6KQONCFQv/gKYSU1ZzbVdFSUCKZOltjmpFAGGv5MdYA=="
		},
		"@types/prop-types": {
			"version": "15.7.0",
			"resolved": "https://registry.npmjs.org/@types/prop-types/-/prop-types-15.7.0.tgz",
			"integrity": "sha512-eItQyV43bj4rR3JPV0Skpl1SncRCdziTEK9/v8VwXmV6d/qOUO8/EuWeHBbCZcsfSHfzI5UyMJLCSXtxxznyZg=="
		},
		"@types/react": {
			"version": "16.8.7",
			"resolved": "https://registry.npmjs.org/@types/react/-/react-16.8.7.tgz",
			"integrity": "sha512-0xbkIyrDNKUn4IJVf8JaCn+ucao/cq6ZB8O6kSzhrJub1cVSqgTArtG0qCfdERWKMEIvUbrwLXeQMqWEsyr9dA==",
			"requires": {
				"@types/prop-types": "*",
				"csstype": "^2.2.0"
			}
		},
		"@types/react-virtualized": {
			"version": "9.18.12",
			"resolved": "https://registry.npmjs.org/@types/react-virtualized/-/react-virtualized-9.18.12.tgz",
			"integrity": "sha512-Msdpt9zvYlb5Ul4PA339QUkJ0/z2O+gaFxed1rG+2rZjbe6XdYo7jWfJe206KBnjj84DwPPIbPFQCtoGuNwNTQ==",
			"requires": {
				"@types/prop-types": "*",
				"@types/react": "*"
			}
		},
		"@types/shallowequal": {
			"version": "1.1.1",
			"resolved": "https://registry.npmjs.org/@types/shallowequal/-/shallowequal-1.1.1.tgz",
			"integrity": "sha512-Lhni3aX80zbpdxRuWhnuYPm8j8UQaa571lHP/xI4W+7BAFhSIhRReXnqjEgT/XzPoXZTJkCqstFMJ8CZTK6IlQ=="
		},
		"@types/uuid": {
			"version": "3.4.4",
			"resolved": "https://registry.npmjs.org/@types/uuid/-/uuid-3.4.4.tgz",
			"integrity": "sha512-tPIgT0GUmdJQNSHxp0X2jnpQfBSTfGxUMc/2CXBU2mnyTFVYVa2ojpoQ74w0U2yn2vw3jnC640+77lkFFpdVDw==",
			"requires": {
				"@types/node": "*"
			}
		},
		"aesthetic": {
			"version": "3.4.1",
			"resolved": "https://registry.npmjs.org/aesthetic/-/aesthetic-3.4.1.tgz",
			"integrity": "sha512-orM7+XuOHWI5wDiViX6+5P3Kha1pdvzQc/hQMnvZ5rFniOMEWI52wgA37l5GWZrfqvxL0TY4BsHJsFqiiq3wLA==",
			"requires": {
				"@babel/runtime": "^7.3.1",
				"@types/extend": "^3.0.1",
				"@types/hoist-non-react-statics": "^3.0.1",
				"@types/react": "^16.8.4",
				"@types/uuid": "^3.4.4",
				"csstype": "^2.6.2",
				"extend": "^3.0.2",
				"hoist-non-react-statics": "^3.3.0",
				"stylis": "^3.5.4",
				"utility-types": "^3.4.1",
				"uuid": "^3.3.2"
			}
		},
		"aesthetic-adapter-aphrodite": {
			"version": "3.3.0",
			"resolved": "https://registry.npmjs.org/aesthetic-adapter-aphrodite/-/aesthetic-adapter-aphrodite-3.3.0.tgz",
			"integrity": "sha512-AcihtKcd5QvdxkY6RsGMWGQG4Ioky2h9fso+HserDd6alyY+abC9SdZwZH2/D8H06pnhokDAOzUvaaOEt0HGtA==",
			"requires": {
				"@babel/runtime": "^7.3.1"
			}
		},
		"airbnb-prop-types": {
			"version": "2.12.0",
			"resolved": "https://registry.npmjs.org/airbnb-prop-types/-/airbnb-prop-types-2.12.0.tgz",
			"integrity": "sha512-EJLaLf0Rjg+AouOgIBlO1rerwgwu3Y0dwxp7BWzUemY9J1UPO9XOlMmOXzpaHW9O0RzpofiThVl0sIToHtLPAQ==",
			"requires": {
				"array.prototype.find": "^2.0.4",
				"function.prototype.name": "^1.1.0",
				"has": "^1.0.3",
				"is-regex": "^1.0.4",
				"object-is": "^1.0.1",
				"object.assign": "^4.1.0",
				"object.entries": "^1.1.0",
				"prop-types": "^15.6.2",
				"prop-types-exact": "^1.2.0",
				"react-is": "^16.8.1"
			}
		},
		"aphrodite": {
			"version": "2.3.1",
			"resolved": "https://registry.npmjs.org/aphrodite/-/aphrodite-2.3.1.tgz",
			"integrity": "sha512-hwRxpYarrHLRti62RlWplK3A1bDkh4dw5jjDh4Xvra6z45B5yx9Rqsiaw3duELCI/FLOYxlxVe1bysRpIw5X1Q==",
			"requires": {
				"asap": "^2.0.3",
				"inline-style-prefixer": "^5.0.4",
				"string-hash": "^1.1.3"
			}
		},
		"array.prototype.find": {
			"version": "2.0.4",
			"resolved": "https://registry.npmjs.org/array.prototype.find/-/array.prototype.find-2.0.4.tgz",
			"integrity": "sha1-VWpcU2LAhkgyPdrrnenRS8GGTJA=",
			"requires": {
				"define-properties": "^1.1.2",
				"es-abstract": "^1.7.0"
			}
		},
		"asap": {
			"version": "2.0.6",
			"resolved": "https://registry.npmjs.org/asap/-/asap-2.0.6.tgz",
			"integrity": "sha1-5QNHYR1+aQlDIIu9r+vLwvuGbUY="
		},
		"babel-runtime": {
			"version": "6.26.0",
			"resolved": "https://registry.npmjs.org/babel-runtime/-/babel-runtime-6.26.0.tgz",
			"integrity": "sha1-llxwWGaOgrVde/4E/yM3vItWR/4=",
			"requires": {
				"core-js": "^2.4.0",
				"regenerator-runtime": "^0.11.0"
			},
			"dependencies": {
				"regenerator-runtime": {
					"version": "0.11.1",
					"resolved": "https://registry.npmjs.org/regenerator-runtime/-/regenerator-runtime-0.11.1.tgz",
					"integrity": "sha512-MguG95oij0fC3QV3URf4V2SDYGJhJnJGqvIIgdECeODCT98wSWDAJ94SSuVpYQUoTcGUIL6L4yNB7j1DFFHSBg=="
				}
			}
		},
		"classnames": {
			"version": "2.2.6",
			"resolved": "https://registry.npmjs.org/classnames/-/classnames-2.2.6.tgz",
			"integrity": "sha512-JR/iSQOSt+LQIWwrwEzJ9uk0xfN3mTVYMwt1Ir5mUcSN6pU+V4zQFFaJsclJbPuAUQH+yfWef6tm7l1quW3C8Q=="
		},
		"copy-to-clipboard": {
			"version": "3.0.8",
			"resolved": "https://registry.npmjs.org/copy-to-clipboard/-/copy-to-clipboard-3.0.8.tgz",
			"integrity": "sha512-c3GdeY8qxCHGezVb1EFQfHYK/8NZRemgcTIzPq7PuxjHAf/raKibn2QdhHPb/y6q74PMgH6yizaDZlRmw6QyKw==",
			"requires": {
				"toggle-selection": "^1.0.3"
			}
		},
		"core-js": {
			"version": "2.6.5",
			"resolved": "https://registry.npmjs.org/core-js/-/core-js-2.6.5.tgz",
			"integrity": "sha512-klh/kDpwX8hryYL14M9w/xei6vrv6sE8gTHDG7/T/+SEovB/G4ejwcfE/CBzO6Edsu+OETZMZ3wcX/EjUkrl5A=="
		},
		"css-in-js-utils": {
			"version": "2.0.1",
			"resolved": "https://registry.npmjs.org/css-in-js-utils/-/css-in-js-utils-2.0.1.tgz",
			"integrity": "sha512-PJF0SpJT+WdbVVt0AOYp9C8GnuruRlL/UFW7932nLWmFLQTaWEzTBQEx7/hn4BuV+WON75iAViSUJLiU3PKbpA==",
			"requires": {
				"hyphenate-style-name": "^1.0.2",
				"isobject": "^3.0.1"
			}
		},
		"csstype": {
			"version": "2.6.3",
			"resolved": "https://registry.npmjs.org/csstype/-/csstype-2.6.3.tgz",
			"integrity": "sha512-rINUZXOkcBmoHWEyu7JdHu5JMzkGRoMX4ov9830WNgxf5UYxcBUO0QTKAqeJ5EZfSdlrcJYkC8WwfVW7JYi4yg=="
		},
		"debounce-promise": {
			"version": "3.1.0",
			"resolved": "https://registry.npmjs.org/debounce-promise/-/debounce-promise-3.1.0.tgz",
			"integrity": "sha1-JQNfS0UBe9Uae++LO9n2QB3EdCM="
		},
		"define-properties": {
			"version": "1.1.3",
			"resolved": "https://registry.npmjs.org/define-properties/-/define-properties-1.1.3.tgz",
			"integrity": "sha512-3MqfYKj2lLzdMSf8ZIZE/V+Zuy+BgD6f164e8K2w7dgnpKArBDerGYpM46IYYcjnkdPNMjPk9A6VFB8+3SKlXQ==",
			"requires": {
				"object-keys": "^1.0.12"
			}
		},
		"dom-helpers": {
			"version": "3.4.0",
			"resolved": "https://registry.npmjs.org/dom-helpers/-/dom-helpers-3.4.0.tgz",
			"integrity": "sha512-LnuPJ+dwqKDIyotW1VzmOZ5TONUN7CwkCR5hrgawTUbkBGYdeoNLZo6nNfGkCrjtE1nXXaj7iMMpDa8/d9WoIA==",
			"requires": {
				"@babel/runtime": "^7.1.2"
			}
		},
		"emojibase": {
			"version": "2.2.0",
			"resolved": "https://registry.npmjs.org/emojibase/-/emojibase-2.2.0.tgz",
			"integrity": "sha512-UQdlCI73ynlvKHk/3Gd3o94pHQmg0ZAMTeUsgNmy64Cc6hhFWSOZDBX1aKryYvYjPOeGlIv6EAa2/SuO7dTm+g=="
		},
		"emojibase-regex": {
			"version": "2.0.1",
			"resolved": "https://registry.npmjs.org/emojibase-regex/-/emojibase-regex-2.0.1.tgz",
			"integrity": "sha512-prb7DjhYxlWOhqmLTbqd30ZA6P+o5onn3WZwe5V0LxwG6bar2o8TsXH4xTPpaQt5rTCyZFR1nPqUNRtOk8vvOg=="
		},
		"es-abstract": {
			"version": "1.13.0",
			"resolved": "https://registry.npmjs.org/es-abstract/-/es-abstract-1.13.0.tgz",
			"integrity": "sha512-vDZfg/ykNxQVwup/8E1BZhVzFfBxs9NqMzGcvIJrqg5k2/5Za2bWo40dK2J1pgLngZ7c+Shh8lwYtLGyrwPutg==",
			"requires": {
				"es-to-primitive": "^1.2.0",
				"function-bind": "^1.1.1",
				"has": "^1.0.3",
				"is-callable": "^1.1.4",
				"is-regex": "^1.0.4",
				"object-keys": "^1.0.12"
			}
		},
		"es-to-primitive": {
			"version": "1.2.0",
			"resolved": "https://registry.npmjs.org/es-to-primitive/-/es-to-primitive-1.2.0.tgz",
			"integrity": "sha512-qZryBOJjV//LaxLTV6UC//WewneB3LcXOL9NP++ozKVXsIIIpm/2c13UDiD9Jp2eThsecw9m3jPqDwTyobcdbg==",
			"requires": {
				"is-callable": "^1.1.4",
				"is-date-object": "^1.0.1",
				"is-symbol": "^1.0.2"
			}
		},
		"extend": {
			"version": "3.0.2",
			"resolved": "https://registry.npmjs.org/extend/-/extend-3.0.2.tgz",
			"integrity": "sha512-fjquC59cD7CyW6urNXK0FBufkZcoiGG80wTuPujX590cB5Ttln20E2UB4S/WARVqhXffZl2LNgS+gQdPIIim/g=="
		},
		"function-bind": {
			"version": "1.1.1",
			"resolved": "https://registry.npmjs.org/function-bind/-/function-bind-1.1.1.tgz",
			"integrity": "sha512-yIovAzMX49sF8Yl58fSCWJ5svSLuaibPxXQJFLmBObTuCr0Mf1KiPopGM9NiFjiYBCbfaa2Fh6breQ6ANVTI0A=="
		},
		"function.prototype.name": {
			"version": "1.1.0",
			"resolved": "https://registry.npmjs.org/function.prototype.name/-/function.prototype.name-1.1.0.tgz",
			"integrity": "sha512-Bs0VRrTz4ghD8pTmbJQD1mZ8A/mN0ur/jGz+A6FBxPDUPkm1tNfF6bhTYPA7i7aF4lZJVr+OXTNNrnnIl58Wfg==",
			"requires": {
				"define-properties": "^1.1.2",
				"function-bind": "^1.1.1",
				"is-callable": "^1.1.3"
			}
		},
		"fuse.js": {
			"version": "3.4.4",
			"resolved": "https://registry.npmjs.org/fuse.js/-/fuse.js-3.4.4.tgz",
			"integrity": "sha512-pyLQo/1oR5Ywf+a/tY8z4JygnIglmRxVUOiyFAbd11o9keUDpUJSMGRWJngcnkURj30kDHPmhoKY8ChJiz3EpQ=="
		},
		"has": {
			"version": "1.0.3",
			"resolved": "https://registry.npmjs.org/has/-/has-1.0.3.tgz",
			"integrity": "sha512-f2dvO0VU6Oej7RkWJGrehjbzMAjFp5/VKPp5tTpWIV4JHHZK1/BxbFRtf/siA2SWTe09caDmVtYYzWEIbBS4zw==",
			"requires": {
				"function-bind": "^1.1.1"
			}
		},
		"has-symbols": {
			"version": "1.0.0",
			"resolved": "https://registry.npmjs.org/has-symbols/-/has-symbols-1.0.0.tgz",
			"integrity": "sha1-uhqPGvKg/DllD1yFA2dwQSIGO0Q="
		},
		"hoist-non-react-statics": {
			"version": "3.3.0",
			"resolved": "https://registry.npmjs.org/hoist-non-react-statics/-/hoist-non-react-statics-3.3.0.tgz",
			"integrity": "sha512-0XsbTXxgiaCDYDIWFcwkmerZPSwywfUqYmwT4jzewKTQSWoE6FCMoUVOeBJWK3E/CrWbxRG3m5GzY4lnIwGRBA==",
			"requires": {
				"react-is": "^16.7.0"
			}
		},
		"hyphenate-style-name": {
			"version": "1.0.3",
			"resolved": "https://registry.npmjs.org/hyphenate-style-name/-/hyphenate-style-name-1.0.3.tgz",
			"integrity": "sha512-EcuixamT82oplpoJ2XU4pDtKGWQ7b00CD9f1ug9IaQ3p1bkHMiKCZ9ut9QDI6qsa6cpUuB+A/I+zLtdNK4n2DQ=="
		},
		"inline-style-prefixer": {
			"version": "5.0.4",
			"resolved": "https://registry.npmjs.org/inline-style-prefixer/-/inline-style-prefixer-5.0.4.tgz",
			"integrity": "sha512-I9wbfqETNhMfULOGf1v2AK3bLr5zlBOftDQ22gUUebkP2gMD0EjogKsaH03J6JXYD9i4uklUpPGjcU0ebvKnig==",
			"requires": {
				"css-in-js-utils": "^2.0.0"
			}
		},
		"interweave": {
			"version": "10.1.3",
			"resolved": "https://registry.npmjs.org/interweave/-/interweave-10.1.3.tgz",
			"integrity": "sha512-hUr4xSvBZox68/W3RgwyVRrdYL8Xa8IiHd/uEdHamXy4QHbmkACTcB5pWmtAeKll2qZj54ARt+K3l0rcPVRH4Q==",
			"requires": {
				"@babel/runtime": "^7.3.4",
				"@types/prop-types": "^15.5.9",
				"@types/react": "^16.8.5",
				"prop-types": "^15.7.2"
			}
		},
		"interweave-autolink": {
			"version": "2.2.3",
			"resolved": "https://registry.npmjs.org/interweave-autolink/-/interweave-autolink-2.2.3.tgz",
			"integrity": "sha512-v9+s9bigIwcdaZfBg8jRYbGjg9xImar1blEIwuBsLzblHznSiEMdXN6omyWcSeA9rw2bJ6BxsXUmdJF8P0iS3w==",
			"requires": {
				"@babel/runtime": "^7.3.4",
				"@types/prop-types": "^15.5.9",
				"@types/react": "^16.8.5",
				"prop-types": "^15.7.2"
			}
		},
		"interweave-emoji": {
			"version": "3.1.3",
			"resolved": "https://registry.npmjs.org/interweave-emoji/-/interweave-emoji-3.1.3.tgz",
			"integrity": "sha512-CiXwq1jrRigHVEjsTKPWlo16akKpb8T99Cc84dNEMNDnjU2gIK1ZscpH9t7riZgLLLetLfXx8og4zliTzP3MJg==",
			"requires": {
				"@babel/runtime": "^7.3.4",
				"@types/prop-types": "^15.5.9",
				"@types/react": "^16.8.5",
				"emojibase-regex": "^2.0.1",
				"hoist-non-react-statics": "^3.3.0",
				"prop-types": "^15.7.2"
			}
		},
		"interweave-emoji-picker": {
			"version": "3.1.3",
			"resolved": "https://registry.npmjs.org/interweave-emoji-picker/-/interweave-emoji-picker-3.1.3.tgz",
			"integrity": "sha512-ivNL1BsdVPKlGyqCHv1hVygmDCT1lvY3NWwrUcxjynFZExRVp/U+Gddyq7AUCQJLzkaFkhleVPs57Y31XX2IPg==",
			"requires": {
				"@babel/runtime": "^7.3.4",
				"@types/lodash": "^4.14.121",
				"@types/prop-types": "^15.5.9",
				"@types/react": "^16.8.5",
				"@types/react-virtualized": "^9.18.12",
				"lodash": "^4.17.11",
				"prop-types": "^15.7.2",
				"react-virtualized": "^9.21.0"
			}
		},
		"is-callable": {
			"version": "1.1.4",
			"resolved": "https://registry.npmjs.org/is-callable/-/is-callable-1.1.4.tgz",
			"integrity": "sha512-r5p9sxJjYnArLjObpjA4xu5EKI3CuKHkJXMhT7kwbpUyIFD1n5PMAsoPvWnvtZiNz7LjkYDRZhd7FlI0eMijEA=="
		},
		"is-date-object": {
			"version": "1.0.1",
			"resolved": "https://registry.npmjs.org/is-date-object/-/is-date-object-1.0.1.tgz",
			"integrity": "sha1-mqIOtq7rv/d/vTPnTKAbM1gdOhY="
		},
		"is-regex": {
			"version": "1.0.4",
			"resolved": "https://registry.npmjs.org/is-regex/-/is-regex-1.0.4.tgz",
			"integrity": "sha1-VRdIm1RwkbCTDglWVM7SXul+lJE=",
			"requires": {
				"has": "^1.0.1"
			}
		},
		"is-symbol": {
			"version": "1.0.2",
			"resolved": "https://registry.npmjs.org/is-symbol/-/is-symbol-1.0.2.tgz",
			"integrity": "sha512-HS8bZ9ox60yCJLH9snBpIwv9pYUAkcuLhSA1oero1UB5y9aiQpRA8y2ex945AOtCZL1lJDeIk3G5LthswI46Lw==",
			"requires": {
				"has-symbols": "^1.0.0"
			}
		},
		"isobject": {
			"version": "3.0.1",
			"resolved": "https://registry.npmjs.org/isobject/-/isobject-3.0.1.tgz",
			"integrity": "sha1-TkMekrEalzFjaqH5yNHMvP2reN8="
		},
		"js-tokens": {
			"version": "4.0.0",
			"resolved": "https://registry.npmjs.org/js-tokens/-/js-tokens-4.0.0.tgz",
			"integrity": "sha512-RdJUflcE3cUzKiMqQgsCu06FPu9UdIJO0beYbPhHN4k6apgJtifcoCtT9bcxOpYBtpD2kCM6Sbzg4CausW/PKQ=="
		},
		"lodash": {
			"version": "4.17.11",
			"resolved": "https://registry.npmjs.org/lodash/-/lodash-4.17.11.tgz",
			"integrity": "sha512-cQKh8igo5QUhZ7lg38DYWAxMvjSAKG0A8wGSVimP07SIUEK2UO+arSRKbRZWtelMtN5V0Hkwh5ryOto/SshYIg=="
		},
		"loose-envify": {
			"version": "1.4.0",
			"resolved": "https://registry.npmjs.org/loose-envify/-/loose-envify-1.4.0.tgz",
			"integrity": "sha512-lyuxPGr/Wfhrlem2CL/UcnUc1zcqKAImBDzukY7Y5F/yQiNdko6+fRLevlw1HgMySw7f611UIY408EtxRSoK3Q==",
			"requires": {
				"js-tokens": "^3.0.0 || ^4.0.0"
			}
		},
		"ms": {
			"version": "2.1.1",
			"resolved": "https://registry.npmjs.org/ms/-/ms-2.1.1.tgz",
			"integrity": "sha512-tgp+dl5cGk28utYktBsrFqA7HKgrhgPsg6Z/EfhWI4gl1Hwq8B/GmY/0oXZ6nF8hDVesS/FpnYaD/kOWhYQvyg=="
		},
		"object-assign": {
			"version": "4.1.1",
			"resolved": "https://registry.npmjs.org/object-assign/-/object-assign-4.1.1.tgz",
			"integrity": "sha1-IQmtx5ZYh8/AXLvUQsrIv7s2CGM="
		},
		"object-is": {
			"version": "1.0.1",
			"resolved": "https://registry.npmjs.org/object-is/-/object-is-1.0.1.tgz",
			"integrity": "sha1-CqYOyZiaCz7Xlc9NBvYs8a1lObY="
		},
		"object-keys": {
			"version": "1.1.0",
			"resolved": "https://registry.npmjs.org/object-keys/-/object-keys-1.1.0.tgz",
			"integrity": "sha512-6OO5X1+2tYkNyNEx6TsCxEqFfRWaqx6EtMiSbGrw8Ob8v9Ne+Hl8rBAgLBZn5wjEz3s/s6U1WXFUFOcxxAwUpg=="
		},
		"object.assign": {
			"version": "4.1.0",
			"resolved": "https://registry.npmjs.org/object.assign/-/object.assign-4.1.0.tgz",
			"integrity": "sha512-exHJeq6kBKj58mqGyTQ9DFvrZC/eR6OwxzoM9YRoGBqrXYonaFyGiFMuc9VZrXf7DarreEwMpurG3dd+CNyW5w==",
			"requires": {
				"define-properties": "^1.1.2",
				"function-bind": "^1.1.1",
				"has-symbols": "^1.0.0",
				"object-keys": "^1.0.11"
			}
		},
		"object.entries": {
			"version": "1.1.0",
			"resolved": "https://registry.npmjs.org/object.entries/-/object.entries-1.1.0.tgz",
			"integrity": "sha512-l+H6EQ8qzGRxbkHOd5I/aHRhHDKoQXQ8g0BYt4uSweQU1/J6dZUOyWh9a2Vky35YCKjzmgxOzta2hH6kf9HuXA==",
			"requires": {
				"define-properties": "^1.1.3",
				"es-abstract": "^1.12.0",
				"function-bind": "^1.1.1",
				"has": "^1.0.3"
			}
		},
		"prop-types": {
			"version": "15.7.2",
			"resolved": "https://registry.npmjs.org/prop-types/-/prop-types-15.7.2.tgz",
			"integrity": "sha512-8QQikdH7//R2vurIJSutZ1smHYTcLpRWEOlHnzcWHmBYrOGUysKwSsrC89BCiFj3CbrfJ/nXFdJepOVrY1GCHQ==",
			"requires": {
				"loose-envify": "^1.4.0",
				"object-assign": "^4.1.1",
				"react-is": "^16.8.1"
			}
		},
		"prop-types-exact": {
			"version": "1.2.0",
			"resolved": "https://registry.npmjs.org/prop-types-exact/-/prop-types-exact-1.2.0.tgz",
			"integrity": "sha512-K+Tk3Kd9V0odiXFP9fwDHUYRyvK3Nun3GVyPapSIs5OBkITAm15W0CPFD/YKTkMUAbc0b9CUwRQp2ybiBIq+eA==",
			"requires": {
				"has": "^1.0.3",
				"object.assign": "^4.1.0",
				"reflect.ownkeys": "^0.2.0"
			}
		},
		"react-day-picker": {
			"version": "7.3.0",
			"resolved": "https://registry.npmjs.org/react-day-picker/-/react-day-picker-7.3.0.tgz",
			"integrity": "sha512-t2kz0Zy4P5U4qwU5YhsBq2QGmypP8L/u+89TSnuD0h4dYKSEDQArFPWfin9gv8erV1ciR1Wzr485TMaYnI7FTw==",
			"requires": {
				"prop-types": "^15.6.2"
			}
		},
		"react-is": {
			"version": "16.8.4",
			"resolved": "https://registry.npmjs.org/react-is/-/react-is-16.8.4.tgz",
			"integrity": "sha512-PVadd+WaUDOAciICm/J1waJaSvgq+4rHE/K70j0PFqKhkTBsPv/82UGQJNXAngz1fOQLLxI6z1sEDmJDQhCTAA=="
		},
		"react-lifecycles-compat": {
			"version": "3.0.4",
			"resolved": "https://registry.npmjs.org/react-lifecycles-compat/-/react-lifecycles-compat-3.0.4.tgz",
			"integrity": "sha512-fBASbA6LnOU9dOU2eW7aQ8xmYBSXUIWr+UmF9b1efZBazGNO+rcXT/icdKnYm2pTwcRylVUYwW7H1PHfLekVzA=="
		},
		"react-virtualized": {
			"version": "9.21.0",
			"resolved": "https://registry.npmjs.org/react-virtualized/-/react-virtualized-9.21.0.tgz",
			"integrity": "sha512-duKD2HvO33mqld4EtQKm9H9H0p+xce1c++2D5xn59Ma7P8VT7CprfAe5hwjd1OGkyhqzOZiTMlTal7LxjH5yBQ==",
			"requires": {
				"babel-runtime": "^6.26.0",
				"classnames": "^2.2.3",
				"dom-helpers": "^2.4.0 || ^3.0.0",
				"loose-envify": "^1.3.0",
				"prop-types": "^15.6.0",
				"react-lifecycles-compat": "^3.0.4"
			}
		},
		"reflect.ownkeys": {
			"version": "0.2.0",
			"resolved": "https://registry.npmjs.org/reflect.ownkeys/-/reflect.ownkeys-0.2.0.tgz",
			"integrity": "sha1-dJrO7H8/34tj+SegSAnpDFwLNGA="
		},
		"regenerator-runtime": {
			"version": "0.12.1",
			"resolved": "https://registry.npmjs.org/regenerator-runtime/-/regenerator-runtime-0.12.1.tgz",
			"integrity": "sha512-odxIc1/vDlo4iZcfXqRYFj0vpXFNoGdKMAUieAlFYO6m/nl5e9KR/beGf41z4a1FI+aQgtjhuaSlDxQ0hmkrHg=="
		},
		"shader": {
			"version": "1.0.0",
			"resolved": "https://registry.npmjs.org/shader/-/shader-1.0.0.tgz",
			"integrity": "sha512-pLEmWev8RJE3aoUSjiIMhut8+2Tf34TTR8ukquZAPLiW3HfqE+94huu728144dbrDQVtP1RtHFHNkYT7azEovg=="
		},
		"shallowequal": {
			"version": "1.1.0",
			"resolved": "https://registry.npmjs.org/shallowequal/-/shallowequal-1.1.0.tgz",
			"integrity": "sha512-y0m1JoUZSlPAjXVtPPW70aZWfIL/dSP7AFkRnniLCrK/8MDKog3TySTBmckD+RObVxH0v4Tox67+F14PdED2oQ=="
		},
		"string-hash": {
			"version": "1.1.3",
			"resolved": "https://registry.npmjs.org/string-hash/-/string-hash-1.1.3.tgz",
			"integrity": "sha1-6Kr8CsGFW0Zmkp7X3RJ1311sgRs="
		},
		"stylis": {
			"version": "3.5.4",
			"resolved": "https://registry.npmjs.org/stylis/-/stylis-3.5.4.tgz",
			"integrity": "sha512-8/3pSmthWM7lsPBKv7NXkzn2Uc9W7NotcwGNpJaa3k7WMM1XDCA4MgT5k/8BIexd5ydZdboXtU90XH9Ec4Bv/Q=="
		},
		"toggle-selection": {
			"version": "1.0.6",
			"resolved": "https://registry.npmjs.org/toggle-selection/-/toggle-selection-1.0.6.tgz",
			"integrity": "sha1-bkWxJj8gF/oKzH2J14sVuL932jI="
		},
		"utility-types": {
			"version": "3.4.1",
			"resolved": "https://registry.npmjs.org/utility-types/-/utility-types-3.4.1.tgz",
			"integrity": "sha512-GyH068kJf7c4vhfqj4aCM5X+TeV8jG2iPFLimpGpnQ7dvKfogZOHfiYxMww/nGEfMm/bEmnVbeZGO1see1OVKg=="
		},
		"uuid": {
			"version": "3.3.2",
			"resolved": "https://registry.npmjs.org/uuid/-/uuid-3.3.2.tgz",
			"integrity": "sha512-yXJmeNaw3DnnKAOKJE51sL/ZaYfWJRl1pK9dr19YFCu0ObS231AB1/LbqTKRAQ5kw8A90rA6fr4riOUpTZvQZA=="
		}
	}
}
