# THIS IS AN AUTOGENERATED FILE. DO NOT EDIT THIS FILE DIRECTLY.
# yarn lockfile v1


"@airbnb/lunar-test-utils@^2.1.2":
  version "2.1.2"
  resolved "https://registry.yarnpkg.com/@airbnb/lunar-test-utils/-/lunar-test-utils-2.1.2.tgz#c18a49ad57b70dec57817f314e9631d546647d37"
  integrity sha512-Zzdkx2mV2akkQGYxJ1RFVI42iP1KTBw8teRBl0a6bp5KLdxIffokh8G3Z4aX2P90I4jQG/leAFHiHyvvsR6MJQ==
  dependencies:
    aesthetic "^4.1.0"
    aesthetic-react "^1.1.0"

"@babel/runtime@^7.1.2":
  version "7.5.4"
  resolved "https://registry.yarnpkg.com/@babel/runtime/-/runtime-7.5.4.tgz#cb7d1ad7c6d65676e66b47186577930465b5271b"
  integrity sha512-Na84uwyImZZc3FKf4aUF1tysApzwf3p2yuFBIyBfbzT5glzKTdvYI4KVW4kcgjrzoGUjC7w3YyCHcJKaRxsr2Q==
  dependencies:
    regenerator-runtime "^0.13.2"

"@types/airbnb-prop-types@^2.13.1":
  version "2.13.1"
  resolved "https://registry.yarnpkg.com/@types/airbnb-prop-types/-/airbnb-prop-types-2.13.1.tgz#9290689e95547cf2ab809585f553edef48cb20e9"
  integrity sha512-EfUWjD7bqrspzWCBwnoaglrtJNqdyqYTWg6JxjWhOs9URskzQ/tR+OyYJbaIzGplqPRusYFc8Slt7f1MQLMdNQ==
  dependencies:
    "@types/prop-types" "*"

"@types/hoist-non-react-statics@^3.3.1":
  version "3.3.1"
  resolved "https://registry.yarnpkg.com/@types/hoist-non-react-statics/-/hoist-non-react-statics-3.3.1.tgz#1124aafe5118cb591977aeb1ceaaed1070eb039f"
  integrity sha512-iMIqiko6ooLrTh1joXodJK5X9xeEALT1kM5G3ZLhD3hszxBdIEd5C75U834D9mLcINgD4OyZf5uQXjkuYydWvA==
  dependencies:
    "@types/react" "*"
    hoist-non-react-statics "^3.3.0"

"@types/lodash@*", "@types/lodash@^4.14.134":
  version "4.14.136"
  resolved "https://registry.yarnpkg.com/@types/lodash/-/lodash-4.14.136.tgz#413e85089046b865d960c9ff1d400e04c31ab60f"
  integrity sha512-0GJhzBdvsW2RUccNHOBkabI8HZVdOXmXbXhuKlDEd5Vv12P7oAVGfomGp3Ne21o5D/qu1WmthlNKFaoZJJeErA==

"@types/luxon@^1.15.1":
  version "1.15.2"
  resolved "https://registry.yarnpkg.com/@types/luxon/-/luxon-1.15.2.tgz#528f11f7d6dc08cec0445d4bea8065a5bb6989b2"
  integrity sha512-zHPoyVrLvNaiMRYdhmh88Rn489ZgAgbc6iLxR5Yi0VCNfeNYHcszbhJV2vDHLNrVGy35BPtWBRn4OP2F9BBvFw==

"@types/node@*":
  version "12.6.6"
  resolved "https://registry.yarnpkg.com/@types/node/-/node-12.6.6.tgz#831587377c35bb28fa33b6fe5f849a26a3f4a412"
  integrity sha512-SMgj3x28MkJyHdWaMv/g/ca3LYDi5gR7O8mX0VKazvFOnmlDXctSEdd/8jfSqozjKFK1R9If1QZWkafX7yQTpA==

"@types/prop-types@*", "@types/prop-types@^15.7.1":
  version "15.7.1"
  resolved "https://registry.yarnpkg.com/@types/prop-types/-/prop-types-15.7.1.tgz#f1a11e7babb0c3cad68100be381d1e064c68f1f6"
  integrity sha512-CFzn9idOEpHrgdw8JsoTkaDDyRWk1jrzIV8djzcgpq0y9tG4B4lFT+Nxh52DVpDXV+n4+NPNv7M1Dj5uMp6XFg==

"@types/react-dom@^16.8.4":
  version "16.8.4"
  resolved "https://registry.yarnpkg.com/@types/react-dom/-/react-dom-16.8.4.tgz#7fb7ba368857c7aa0f4e4511c4710ca2c5a12a88"
  integrity sha512-eIRpEW73DCzPIMaNBDP5pPIpK1KXyZwNgfxiVagb5iGiz6da+9A5hslSX6GAQKdO7SayVCS/Fr2kjqprgAvkfA==
  dependencies:
    "@types/react" "*"

"@types/react-virtualized@*":
  version "9.21.2"
  resolved "https://registry.yarnpkg.com/@types/react-virtualized/-/react-virtualized-9.21.2.tgz#c5e4293409593814c35466913e83fb856e2053d0"
  integrity sha512-Q6geJaDd8FlBw3ilD4ODferTyVtYAmDE3d7+GacfwN0jPt9rD9XkeuPjcHmyIwTrMXuLv1VIJmRxU9WQoQFBJw==
  dependencies:
    "@types/prop-types" "*"
    "@types/react" "*"

"@types/react@*", "@types/react@^16.8.22":
  version "16.8.23"
  resolved "https://registry.yarnpkg.com/@types/react/-/react-16.8.23.tgz#ec6be3ceed6353a20948169b6cb4c97b65b97ad2"
  integrity sha512-abkEOIeljniUN9qB5onp++g0EY38h7atnDHxwKUFz1r3VH1+yG1OKi2sNPTyObL40goBmfKFpdii2lEzwLX1cA==
  dependencies:
    "@types/prop-types" "*"
    csstype "^2.2.0"

"@types/shallowequal@^1.1.1":
  version "1.1.1"
  resolved "https://registry.yarnpkg.com/@types/shallowequal/-/shallowequal-1.1.1.tgz#aad262bb3f2b1257d94c71d545268d592575c9b1"
  integrity sha512-Lhni3aX80zbpdxRuWhnuYPm8j8UQaa571lHP/xI4W+7BAFhSIhRReXnqjEgT/XzPoXZTJkCqstFMJ8CZTK6IlQ==

"@types/uuid@^3.4.4":
  version "3.4.5"
  resolved "https://registry.yarnpkg.com/@types/uuid/-/uuid-3.4.5.tgz#d4dc10785b497a1474eae0ba7f0cb09c0ddfd6eb"
  integrity sha512-MNL15wC3EKyw1VLF+RoVO4hJJdk9t/Hlv3rt1OL65Qvuadm4BYo6g9ZJQqoq7X8NBFSsQXgAujWciovh2lpVjA==
  dependencies:
    "@types/node" "*"

aesthetic-adapter-aphrodite@^4.0.0:
  version "4.0.0"
  resolved "https://registry.yarnpkg.com/aesthetic-adapter-aphrodite/-/aesthetic-adapter-aphrodite-4.0.0.tgz#4c3641bdcf7381aa852a5c0eba07772938e3359e"
  integrity sha512-pPOdj6AaysuDQNjGIeQB1cDA9p1KigZOZgH6dcLW7NCPfWg/TBpksSQaw0Kzxe2CeZHS4WkzUPEu6BI0eyksFg==
  dependencies:
    aesthetic-utils "^2.0.0"

aesthetic-react@^1.1.0:
  version "1.1.0"
  resolved "https://registry.yarnpkg.com/aesthetic-react/-/aesthetic-react-1.1.0.tgz#4a2236afc49a5bde7d4faa58645e3b8d6542d070"
  integrity sha512-aPfTLTEPiRwG0+jTNLUFzMQK0BriLIowRClKkL+bWBCmFbq3ILQzbhVCjNaLmJa/bmXFkgqtn2s9Y9hWQLdIbA==
  dependencies:
    "@types/react" "*"
    aesthetic-utils "^2.0.0"
    direction "^1.0.3"
    hoist-non-react-statics "^3.3.0"
    prop-types "^15.7.2"
    utility-types "^3.7.0"
    uuid "^3.3.2"

aesthetic-utils@^2.0.0:
  version "2.0.0"
  resolved "https://registry.yarnpkg.com/aesthetic-utils/-/aesthetic-utils-2.0.0.tgz#52f609ea07687b9a1c8d76bd40cbf2cb922f8517"
  integrity sha512-D9dGH0ewS9aygPhBcbT+5RtfOTTJLvN2Nce4mIFhkprXcQaagtRz8XZHhaQ1vIbLvdBBpE2VUEGh+PzPFZ3PzA==
  dependencies:
    utility-types "^3.7.0"

aesthetic@^4.1.0:
  version "4.1.0"
  resolved "https://registry.yarnpkg.com/aesthetic/-/aesthetic-4.1.0.tgz#35b5b086a16f6bf6c2b7f7f5f3aeddb66c327d80"
  integrity sha512-7Z/0xUuT0bUqFiN4621Fj2eZz0nzR2u75jEaER713k7+NiXRxDGZBzkOyQyZZlWMkPBIk3iaKbOiNuOHcBKRKA==
  dependencies:
    aesthetic-utils "^2.0.0"
    csstype "^2.6.6"
    extend "^3.0.2"
    rtl-css-js "^1.13.0"
    stylis "^3.5.4"
    utility-types "^3.7.0"
    uuid "^3.3.2"

airbnb-prop-types@^2.13.2:
  version "2.13.2"
  resolved "https://registry.yarnpkg.com/airbnb-prop-types/-/airbnb-prop-types-2.13.2.tgz#43147a5062dd2a4a5600e748a47b64004cc5f7fc"
  integrity sha512-2FN6DlHr6JCSxPPi25EnqGaXC4OC3/B3k1lCd6MMYrZ51/Gf/1qDfaR+JElzWa+Tl7cY2aYOlsYJGFeQyVHIeQ==
  dependencies:
    array.prototype.find "^2.0.4"
    function.prototype.name "^1.1.0"
    has "^1.0.3"
    is-regex "^1.0.4"
    object-is "^1.0.1"
    object.assign "^4.1.0"
    object.entries "^1.1.0"
    prop-types "^15.7.2"
    prop-types-exact "^1.2.0"
    react-is "^16.8.6"

aphrodite@^2.3.1:
  version "2.3.1"
  resolved "https://registry.yarnpkg.com/aphrodite/-/aphrodite-2.3.1.tgz#376b9964c8742218fd10b8b82786f9d22e650e41"
  integrity sha512-hwRxpYarrHLRti62RlWplK3A1bDkh4dw5jjDh4Xvra6z45B5yx9Rqsiaw3duELCI/FLOYxlxVe1bysRpIw5X1Q==
  dependencies:
    asap "^2.0.3"
    inline-style-prefixer "^5.0.4"
    string-hash "^1.1.3"

array.prototype.find@^2.0.4:
  version "2.1.0"
  resolved "https://registry.yarnpkg.com/array.prototype.find/-/array.prototype.find-2.1.0.tgz#630f2eaf70a39e608ac3573e45cf8ccd0ede9ad7"
  integrity sha512-Wn41+K1yuO5p7wRZDl7890c3xvv5UBrfVXTVIe28rSQb6LS0fZMDrQB6PAcxQFRFy6vJTLDc3A2+3CjQdzVKRg==
  dependencies:
    define-properties "^1.1.3"
    es-abstract "^1.13.0"

asap@^2.0.3:
  version "2.0.6"
  resolved "https://registry.yarnpkg.com/asap/-/asap-2.0.6.tgz#e50347611d7e690943208bbdafebcbc2fb866d46"
  integrity sha1-5QNHYR1+aQlDIIu9r+vLwvuGbUY=

babel-runtime@^6.26.0:
  version "6.26.0"
  resolved "https://registry.yarnpkg.com/babel-runtime/-/babel-runtime-6.26.0.tgz#965c7058668e82b55d7bfe04ff2337bc8b5647fe"
  integrity sha1-llxwWGaOgrVde/4E/yM3vItWR/4=
  dependencies:
    core-js "^2.4.0"
    regenerator-runtime "^0.11.0"

clsx@^1.0.1:
  version "1.0.4"
  resolved "https://registry.yarnpkg.com/clsx/-/clsx-1.0.4.tgz#0c0171f6d5cb2fe83848463c15fcc26b4df8c2ec"
  integrity sha512-1mQ557MIZTrL/140j+JVdRM6e31/OA4vTYxXgqIIZlndyfjHpyawKZia1Im05Vp9BWmImkcNrNtFYQMyFcgJDg==

copy-to-clipboard@^3.2.0:
  version "3.2.0"
  resolved "https://registry.yarnpkg.com/copy-to-clipboard/-/copy-to-clipboard-3.2.0.tgz#d2724a3ccbfed89706fac8a894872c979ac74467"
  integrity sha512-eOZERzvCmxS8HWzugj4Uxl8OJxa7T2k1Gi0X5qavwydHIfuSHq2dTD09LOg/XyGq4Zpb5IsR/2OJ5lbOegz78w==
  dependencies:
    toggle-selection "^1.0.6"

core-js@^2.4.0:
  version "2.6.9"
  resolved "https://registry.yarnpkg.com/core-js/-/core-js-2.6.9.tgz#6b4b214620c834152e179323727fc19741b084f2"
  integrity sha512-HOpZf6eXmnl7la+cUdMnLvUxKNqLUzJvgIziQ0DiF3JwSImNphIqdGqzj6hIKyX04MmV0poclQ7+wjWvxQyR2A==

css-in-js-utils@^2.0.0:
  version "2.0.1"
  resolved "https://registry.yarnpkg.com/css-in-js-utils/-/css-in-js-utils-2.0.1.tgz#3b472b398787291b47cfe3e44fecfdd9e914ba99"
  integrity sha512-PJF0SpJT+WdbVVt0AOYp9C8GnuruRlL/UFW7932nLWmFLQTaWEzTBQEx7/hn4BuV+WON75iAViSUJLiU3PKbpA==
  dependencies:
    hyphenate-style-name "^1.0.2"
    isobject "^3.0.1"

csstype@^2.2.0, csstype@^2.6.6:
  version "2.6.6"
  resolved "https://registry.yarnpkg.com/csstype/-/csstype-2.6.6.tgz#c34f8226a94bbb10c32cc0d714afdf942291fc41"
  integrity sha512-RpFbQGUE74iyPgvr46U9t1xoQBM8T4BL8SxrN66Le2xYAPSaDJJKeztV3awugusb3g3G9iL8StmkBBXhcbbXhg==

debounce-promise@^3.1.2:
  version "3.1.2"
  resolved "https://registry.yarnpkg.com/debounce-promise/-/debounce-promise-3.1.2.tgz#320fb8c7d15a344455cd33cee5ab63530b6dc7c5"
  integrity sha512-rZHcgBkbYavBeD9ej6sP56XfG53d51CD4dnaw989YX/nZ/ZJfgRx/9ePKmTNiUiyQvh4mtrMoS3OAWW+yoYtpg==

define-properties@^1.1.2, define-properties@^1.1.3:
  version "1.1.3"
  resolved "https://registry.yarnpkg.com/define-properties/-/define-properties-1.1.3.tgz#cf88da6cbee26fe6db7094f61d870cbd84cee9f1"
  integrity sha512-3MqfYKj2lLzdMSf8ZIZE/V+Zuy+BgD6f164e8K2w7dgnpKArBDerGYpM46IYYcjnkdPNMjPk9A6VFB8+3SKlXQ==
  dependencies:
    object-keys "^1.0.12"

direction@^1.0.3:
  version "1.0.3"
  resolved "https://registry.yarnpkg.com/direction/-/direction-1.0.3.tgz#5030e1e091e923904067d015dbaafd08f4d27d26"
  integrity sha512-8bHRqMt4w/kND19KBksE4NOJo+gIOPuiZfxQvbd6xikfKbuNBYBdLIw0hA/4lWzBaDpwpW+Olmg1BjD9+0LU2w==

"dom-helpers@^2.4.0 || ^3.0.0":
  version "3.4.0"
  resolved "https://registry.yarnpkg.com/dom-helpers/-/dom-helpers-3.4.0.tgz#e9b369700f959f62ecde5a6babde4bccd9169af8"
  integrity sha512-LnuPJ+dwqKDIyotW1VzmOZ5TONUN7CwkCR5hrgawTUbkBGYdeoNLZo6nNfGkCrjtE1nXXaj7iMMpDa8/d9WoIA==
  dependencies:
    "@babel/runtime" "^7.1.2"

emojibase-regex@^2.0.1:
  version "2.0.1"
  resolved "https://registry.yarnpkg.com/emojibase-regex/-/emojibase-regex-2.0.1.tgz#86d3df0d2d5e3be720af3b32edf24a1396e3ee97"
  integrity sha512-prb7DjhYxlWOhqmLTbqd30ZA6P+o5onn3WZwe5V0LxwG6bar2o8TsXH4xTPpaQt5rTCyZFR1nPqUNRtOk8vvOg==

emojibase@^2.2.0:
  version "2.2.0"
  resolved "https://registry.yarnpkg.com/emojibase/-/emojibase-2.2.0.tgz#fff912f697b4c57e7bcf3427236d712353c1a8a6"
  integrity sha512-UQdlCI73ynlvKHk/3Gd3o94pHQmg0ZAMTeUsgNmy64Cc6hhFWSOZDBX1aKryYvYjPOeGlIv6EAa2/SuO7dTm+g==

es-abstract@^1.12.0, es-abstract@^1.13.0:
  version "1.13.0"
  resolved "https://registry.yarnpkg.com/es-abstract/-/es-abstract-1.13.0.tgz#ac86145fdd5099d8dd49558ccba2eaf9b88e24e9"
  integrity sha512-vDZfg/ykNxQVwup/8E1BZhVzFfBxs9NqMzGcvIJrqg5k2/5Za2bWo40dK2J1pgLngZ7c+Shh8lwYtLGyrwPutg==
  dependencies:
    es-to-primitive "^1.2.0"
    function-bind "^1.1.1"
    has "^1.0.3"
    is-callable "^1.1.4"
    is-regex "^1.0.4"
    object-keys "^1.0.12"

es-to-primitive@^1.2.0:
  version "1.2.0"
  resolved "https://registry.yarnpkg.com/es-to-primitive/-/es-to-primitive-1.2.0.tgz#edf72478033456e8dda8ef09e00ad9650707f377"
  integrity sha512-qZryBOJjV//LaxLTV6UC//WewneB3LcXOL9NP++ozKVXsIIIpm/2c13UDiD9Jp2eThsecw9m3jPqDwTyobcdbg==
  dependencies:
    is-callable "^1.1.4"
    is-date-object "^1.0.1"
    is-symbol "^1.0.2"

escape-html@^1.0.3:
  version "1.0.3"
  resolved "https://registry.yarnpkg.com/escape-html/-/escape-html-1.0.3.tgz#0258eae4d3d0c0974de1c169188ef0051d1d1988"
  integrity sha1-Aljq5NPQwJdN4cFpGI7wBR0dGYg=

extend@^3.0.2:
  version "3.0.2"
  resolved "https://registry.yarnpkg.com/extend/-/extend-3.0.2.tgz#f8b1136b4071fbd8eb140aff858b1019ec2915fa"
  integrity sha512-fjquC59cD7CyW6urNXK0FBufkZcoiGG80wTuPujX590cB5Ttln20E2UB4S/WARVqhXffZl2LNgS+gQdPIIim/g==

function-bind@^1.1.1:
  version "1.1.1"
  resolved "https://registry.yarnpkg.com/function-bind/-/function-bind-1.1.1.tgz#a56899d3ea3c9bab874bb9773b7c5ede92f4895d"
  integrity sha512-yIovAzMX49sF8Yl58fSCWJ5svSLuaibPxXQJFLmBObTuCr0Mf1KiPopGM9NiFjiYBCbfaa2Fh6breQ6ANVTI0A==

function.prototype.name@^1.1.0:
  version "1.1.0"
  resolved "https://registry.yarnpkg.com/function.prototype.name/-/function.prototype.name-1.1.0.tgz#8bd763cc0af860a859cc5d49384d74b932cd2327"
  integrity sha512-Bs0VRrTz4ghD8pTmbJQD1mZ8A/mN0ur/jGz+A6FBxPDUPkm1tNfF6bhTYPA7i7aF4lZJVr+OXTNNrnnIl58Wfg==
  dependencies:
    define-properties "^1.1.2"
    function-bind "^1.1.1"
    is-callable "^1.1.3"

fuse.js@^3.4.5:
  version "3.4.5"
  resolved "https://registry.yarnpkg.com/fuse.js/-/fuse.js-3.4.5.tgz#8954fb43f9729bd5dbcb8c08f251db552595a7a6"
  integrity sha512-s9PGTaQIkT69HaeoTVjwGsLfb8V8ScJLx5XGFcKHg0MqLUH/UZ4EKOtqtXX9k7AFqCGxD1aJmYb8Q5VYDibVRQ==

has-symbols@^1.0.0:
  version "1.0.0"
  resolved "https://registry.yarnpkg.com/has-symbols/-/has-symbols-1.0.0.tgz#ba1a8f1af2a0fc39650f5c850367704122063b44"
  integrity sha1-uhqPGvKg/DllD1yFA2dwQSIGO0Q=

has@^1.0.1, has@^1.0.3:
  version "1.0.3"
  resolved "https://registry.yarnpkg.com/has/-/has-1.0.3.tgz#722d7cbfc1f6aa8241f16dd814e011e1f41e8796"
  integrity sha512-f2dvO0VU6Oej7RkWJGrehjbzMAjFp5/VKPp5tTpWIV4JHHZK1/BxbFRtf/siA2SWTe09caDmVtYYzWEIbBS4zw==
  dependencies:
    function-bind "^1.1.1"

hoist-non-react-statics@^3.3.0:
  version "3.3.0"
  resolved "https://registry.yarnpkg.com/hoist-non-react-statics/-/hoist-non-react-statics-3.3.0.tgz#b09178f0122184fb95acf525daaecb4d8f45958b"
  integrity sha512-0XsbTXxgiaCDYDIWFcwkmerZPSwywfUqYmwT4jzewKTQSWoE6FCMoUVOeBJWK3E/CrWbxRG3m5GzY4lnIwGRBA==
  dependencies:
    react-is "^16.7.0"

hyphenate-style-name@^1.0.2:
  version "1.0.3"
  resolved "https://registry.yarnpkg.com/hyphenate-style-name/-/hyphenate-style-name-1.0.3.tgz#097bb7fa0b8f1a9cf0bd5c734cf95899981a9b48"
  integrity sha512-EcuixamT82oplpoJ2XU4pDtKGWQ7b00CD9f1ug9IaQ3p1bkHMiKCZ9ut9QDI6qsa6cpUuB+A/I+zLtdNK4n2DQ==

inline-style-prefixer@^5.0.4:
  version "5.1.0"
  resolved "https://registry.yarnpkg.com/inline-style-prefixer/-/inline-style-prefixer-5.1.0.tgz#cb63195f9456dcda25cf59743e45c4d9815b0811"
  integrity sha512-giteQHPMrApQOSjNSjteO5ZGSGMRf9gas14fRy2lg2buSc1nRnj6o6xuNds5cMTKrkncyrTu3gJn/yflFMVdmg==
  dependencies:
    css-in-js-utils "^2.0.0"

interweave-autolink@^3.0.1:
  version "3.0.1"
  resolved "https://registry.yarnpkg.com/interweave-autolink/-/interweave-autolink-3.0.1.tgz#7a9db3cb56d98f6c442b9ffb825606b11c2e27fd"
  integrity sha512-NoaKf7kJptTWu2RET/Grb61oe79lxLlRqX9aApaS7maVqMu2iz4fo1uK3JKi+y2FHd/a60Jbwu+SgcF2/vifMw==
  dependencies:
    "@types/prop-types" "*"
    "@types/react" "*"
    prop-types "^15.7.2"

interweave-emoji-picker@^4.0.1:
  version "4.0.1"
  resolved "https://registry.yarnpkg.com/interweave-emoji-picker/-/interweave-emoji-picker-4.0.1.tgz#f133c5ffae867afdb84c91e80376091f65432513"
  integrity sha512-xZYINkAqvNgIYMSXKMyB8zY5WgFTJ1jJNG4IIYfY/gbpQtaxNcpdqGjKXDTpvpdzS0jeeU45mh1Fg5s8NOAMNQ==
  dependencies:
    "@types/lodash" "*"
    "@types/prop-types" "*"
    "@types/react" "*"
    "@types/react-virtualized" "*"
    lodash "^4.17.11"
    prop-types "^15.7.2"
    react-virtualized "^9.21.0"

interweave-emoji@^4.1.0:
  version "4.1.0"
  resolved "https://registry.yarnpkg.com/interweave-emoji/-/interweave-emoji-4.1.0.tgz#642d55725ea3d07fa1e761860af7bb50b8babee1"
  integrity sha512-HL18Nv0bFh4LcDuXBxGrdszUuSfpl/KY3g8oY44M+/ZJIZnU7Ys/JMzBX10daWXxv0DVM37QrSMJ/6Z8QvKgIQ==
  dependencies:
    "@types/prop-types" "*"
    "@types/react" "*"
    emojibase-regex "^2.0.1"
    hoist-non-react-statics "^3.3.0"
    prop-types "^15.7.2"

interweave@^11.1.0:
  version "11.1.0"
  resolved "https://registry.yarnpkg.com/interweave/-/interweave-11.1.0.tgz#1da968783f248990c814219a16536fb67e49a2f8"
  integrity sha512-Y4x3K9eYnhgHCLcQls1gyLn0DXDtuMOdArmpjdgrM+Y/kt6IOYOa6AxbqhRPxh+3UaSZZ53APf4SAJIDqn9ORg==
  dependencies:
    "@types/prop-types" "*"
    "@types/react" "*"
    escape-html "^1.0.3"
    prop-types "^15.7.2"

is-callable@^1.1.3, is-callable@^1.1.4:
  version "1.1.4"
  resolved "https://registry.yarnpkg.com/is-callable/-/is-callable-1.1.4.tgz#1e1adf219e1eeb684d691f9d6a05ff0d30a24d75"
  integrity sha512-r5p9sxJjYnArLjObpjA4xu5EKI3CuKHkJXMhT7kwbpUyIFD1n5PMAsoPvWnvtZiNz7LjkYDRZhd7FlI0eMijEA==

is-date-object@^1.0.1:
  version "1.0.1"
  resolved "https://registry.yarnpkg.com/is-date-object/-/is-date-object-1.0.1.tgz#9aa20eb6aeebbff77fbd33e74ca01b33581d3a16"
  integrity sha1-mqIOtq7rv/d/vTPnTKAbM1gdOhY=

is-regex@^1.0.4:
  version "1.0.4"
  resolved "https://registry.yarnpkg.com/is-regex/-/is-regex-1.0.4.tgz#5517489b547091b0930e095654ced25ee97e9491"
  integrity sha1-VRdIm1RwkbCTDglWVM7SXul+lJE=
  dependencies:
    has "^1.0.1"

is-symbol@^1.0.2:
  version "1.0.2"
  resolved "https://registry.yarnpkg.com/is-symbol/-/is-symbol-1.0.2.tgz#a055f6ae57192caee329e7a860118b497a950f38"
  integrity sha512-HS8bZ9ox60yCJLH9snBpIwv9pYUAkcuLhSA1oero1UB5y9aiQpRA8y2ex945AOtCZL1lJDeIk3G5LthswI46Lw==
  dependencies:
    has-symbols "^1.0.0"

isobject@^3.0.1:
  version "3.0.1"
  resolved "https://registry.yarnpkg.com/isobject/-/isobject-3.0.1.tgz#4e431e92b11a9731636aa1f9c8d1ccbcfdab78df"
  integrity sha1-TkMekrEalzFjaqH5yNHMvP2reN8=

"js-tokens@^3.0.0 || ^4.0.0":
  version "4.0.0"
  resolved "https://registry.yarnpkg.com/js-tokens/-/js-tokens-4.0.0.tgz#19203fb59991df98e3a287050d4647cdeaf32499"
  integrity sha512-RdJUflcE3cUzKiMqQgsCu06FPu9UdIJO0beYbPhHN4k6apgJtifcoCtT9bcxOpYBtpD2kCM6Sbzg4CausW/PKQ==

linear-layout-vector@0.0.1:
  version "0.0.1"
  resolved "https://registry.yarnpkg.com/linear-layout-vector/-/linear-layout-vector-0.0.1.tgz#398114d7303b6ecc7fd6b273af7b8401d8ba9c70"
  integrity sha1-OYEU1zA7bsx/1rJzr3uEAdi6nHA=

lodash@^4.17.11:
  version "4.17.14"
  resolved "https://registry.yarnpkg.com/lodash/-/lodash-4.17.14.tgz#9ce487ae66c96254fe20b599f21b6816028078ba"
  integrity sha512-mmKYbW3GLuJeX+iGP+Y7Gp1AiGHGbXHCOh/jZmrawMmsE7MS4znI3RL2FsjbqOyMayHInjOeykW7PEajUk1/xw==

loose-envify@^1.1.0, loose-envify@^1.3.0, loose-envify@^1.4.0:
  version "1.4.0"
  resolved "https://registry.yarnpkg.com/loose-envify/-/loose-envify-1.4.0.tgz#71ee51fa7be4caec1a63839f7e682d8132d30caf"
  integrity sha512-lyuxPGr/Wfhrlem2CL/UcnUc1zcqKAImBDzukY7Y5F/yQiNdko6+fRLevlw1HgMySw7f611UIY408EtxRSoK3Q==
  dependencies:
    js-tokens "^3.0.0 || ^4.0.0"

luxon@^1.16.0:
  version "1.17.1"
  resolved "https://registry.yarnpkg.com/luxon/-/luxon-1.17.1.tgz#7261aae6f7a2cc3cf83cbe24c62335cf3a48caad"
  integrity sha512-+xo7Pj54xwyEzlMdXzDqm60Ewqbn0QqACwfIo6so9M1idUtYQrD7/PHjEFQQmLCBu8wUe2IDC2jrcJJ3Buk4Pw==

ms@^2.1.2:
  version "2.1.2"
  resolved "https://registry.yarnpkg.com/ms/-/ms-2.1.2.tgz#d09d1f357b443f493382a8eb3ccd183872ae6009"
  integrity sha512-sGkPx+VjMtmA6MX27oA4FBFELFCZZ4S4XqeGOXCv68tT+jb3vk/RyaKWP0PTKyWtmLSM0b+adUTEvbs1PEaH2w==

object-assign@^4.1.1:
  version "4.1.1"
  resolved "https://registry.yarnpkg.com/object-assign/-/object-assign-4.1.1.tgz#2109adc7965887cfc05cbbd442cac8bfbb360863"
  integrity sha1-IQmtx5ZYh8/AXLvUQsrIv7s2CGM=

object-is@^1.0.1:
  version "1.0.1"
  resolved "https://registry.yarnpkg.com/object-is/-/object-is-1.0.1.tgz#0aa60ec9989a0b3ed795cf4d06f62cf1ad6539b6"
  integrity sha1-CqYOyZiaCz7Xlc9NBvYs8a1lObY=

object-keys@^1.0.11, object-keys@^1.0.12:
  version "1.1.1"
  resolved "https://registry.yarnpkg.com/object-keys/-/object-keys-1.1.1.tgz#1c47f272df277f3b1daf061677d9c82e2322c60e"
  integrity sha512-NuAESUOUMrlIXOfHKzD6bpPu3tYt3xvjNdRIQ+FeT0lNb4K8WR70CaDxhuNguS2XG+GjkyMwOzsN5ZktImfhLA==

object.assign@^4.1.0:
  version "4.1.0"
  resolved "https://registry.yarnpkg.com/object.assign/-/object.assign-4.1.0.tgz#968bf1100d7956bb3ca086f006f846b3bc4008da"
  integrity sha512-exHJeq6kBKj58mqGyTQ9DFvrZC/eR6OwxzoM9YRoGBqrXYonaFyGiFMuc9VZrXf7DarreEwMpurG3dd+CNyW5w==
  dependencies:
    define-properties "^1.1.2"
    function-bind "^1.1.1"
    has-symbols "^1.0.0"
    object-keys "^1.0.11"

object.entries@^1.1.0:
  version "1.1.0"
  resolved "https://registry.yarnpkg.com/object.entries/-/object.entries-1.1.0.tgz#2024fc6d6ba246aee38bdb0ffd5cfbcf371b7519"
  integrity sha512-l+H6EQ8qzGRxbkHOd5I/aHRhHDKoQXQ8g0BYt4uSweQU1/J6dZUOyWh9a2Vky35YCKjzmgxOzta2hH6kf9HuXA==
  dependencies:
    define-properties "^1.1.3"
    es-abstract "^1.12.0"
    function-bind "^1.1.1"
    has "^1.0.3"

prop-types-exact@^1.2.0:
  version "1.2.0"
  resolved "https://registry.yarnpkg.com/prop-types-exact/-/prop-types-exact-1.2.0.tgz#825d6be46094663848237e3925a98c6e944e9869"
  integrity sha512-K+Tk3Kd9V0odiXFP9fwDHUYRyvK3Nun3GVyPapSIs5OBkITAm15W0CPFD/YKTkMUAbc0b9CUwRQp2ybiBIq+eA==
  dependencies:
    has "^1.0.3"
    object.assign "^4.1.0"
    reflect.ownkeys "^0.2.0"

prop-types@^15.6.0, prop-types@^15.6.2, prop-types@^15.7.2:
  version "15.7.2"
  resolved "https://registry.yarnpkg.com/prop-types/-/prop-types-15.7.2.tgz#52c41e75b8c87e72b9d9360e0206b99dcbffa6c5"
  integrity sha512-8QQikdH7//R2vurIJSutZ1smHYTcLpRWEOlHnzcWHmBYrOGUysKwSsrC89BCiFj3CbrfJ/nXFdJepOVrY1GCHQ==
  dependencies:
    loose-envify "^1.4.0"
    object-assign "^4.1.1"
    react-is "^16.8.1"

react-day-picker@^7.3.0:
  version "7.3.0"
  resolved "https://registry.yarnpkg.com/react-day-picker/-/react-day-picker-7.3.0.tgz#59b6d4e19d274650c79dcf49fbcce2637313467d"
  integrity sha512-t2kz0Zy4P5U4qwU5YhsBq2QGmypP8L/u+89TSnuD0h4dYKSEDQArFPWfin9gv8erV1ciR1Wzr485TMaYnI7FTw==
  dependencies:
    prop-types "^15.6.2"

react-dom@^16.8.6:
  version "16.8.6"
  resolved "https://registry.yarnpkg.com/react-dom/-/react-dom-16.8.6.tgz#71d6303f631e8b0097f56165ef608f051ff6e10f"
  integrity sha512-1nL7PIq9LTL3fthPqwkvr2zY7phIPjYrT0jp4HjyEQrEROnw4dG41VVwi/wfoCneoleqrNX7iAD+pXebJZwrwA==
  dependencies:
    loose-envify "^1.1.0"
    object-assign "^4.1.1"
    prop-types "^15.6.2"
    scheduler "^0.13.6"

react-is@^16.7.0, react-is@^16.8.1, react-is@^16.8.6:
  version "16.8.6"
  resolved "https://registry.yarnpkg.com/react-is/-/react-is-16.8.6.tgz#5bbc1e2d29141c9fbdfed456343fe2bc430a6a16"
  integrity sha512-aUk3bHfZ2bRSVFFbbeVS4i+lNPZr3/WM5jT2J5omUVV1zzcs1nAaf3l51ctA5FFvCRbhrH0bdAsRRQddFJZPtA==

react-lifecycles-compat@^3.0.4:
  version "3.0.4"
  resolved "https://registry.yarnpkg.com/react-lifecycles-compat/-/react-lifecycles-compat-3.0.4.tgz#4f1a273afdfc8f3488a8c516bfda78f872352362"
  integrity sha512-fBASbA6LnOU9dOU2eW7aQ8xmYBSXUIWr+UmF9b1efZBazGNO+rcXT/icdKnYm2pTwcRylVUYwW7H1PHfLekVzA==

react-virtualized@9.21.1, react-virtualized@^9.21.0:
  version "9.21.1"
  resolved "https://registry.yarnpkg.com/react-virtualized/-/react-virtualized-9.21.1.tgz#4dbbf8f0a1420e2de3abf28fbb77120815277b3a"
  integrity sha512-E53vFjRRMCyUTEKuDLuGH1ld/9TFzjf/fFW816PE4HFXWZorESbSTYtiZz1oAjra0MminaUU1EnvUxoGuEFFPA==
  dependencies:
    babel-runtime "^6.26.0"
    clsx "^1.0.1"
    dom-helpers "^2.4.0 || ^3.0.0"
    linear-layout-vector "0.0.1"
    loose-envify "^1.3.0"
    prop-types "^15.6.0"
    react-lifecycles-compat "^3.0.4"

react@^16.8.6:
  version "16.8.6"
  resolved "https://registry.yarnpkg.com/react/-/react-16.8.6.tgz#ad6c3a9614fd3a4e9ef51117f54d888da01f2bbe"
  integrity sha512-pC0uMkhLaHm11ZSJULfOBqV4tIZkx87ZLvbbQYunNixAAvjnC+snJCg0XQXn9VIsttVsbZP/H/ewzgsd5fxKXw==
  dependencies:
    loose-envify "^1.1.0"
    object-assign "^4.1.1"
    prop-types "^15.6.2"
    scheduler "^0.13.6"

reflect.ownkeys@^0.2.0:
  version "0.2.0"
  resolved "https://registry.yarnpkg.com/reflect.ownkeys/-/reflect.ownkeys-0.2.0.tgz#749aceec7f3fdf8b63f927a04809e90c5c0b3460"
  integrity sha1-dJrO7H8/34tj+SegSAnpDFwLNGA=

regenerator-runtime@^0.11.0:
  version "0.11.1"
  resolved "https://registry.yarnpkg.com/regenerator-runtime/-/regenerator-runtime-0.11.1.tgz#be05ad7f9bf7d22e056f9726cee5017fbf19e2e9"
  integrity sha512-MguG95oij0fC3QV3URf4V2SDYGJhJnJGqvIIgdECeODCT98wSWDAJ94SSuVpYQUoTcGUIL6L4yNB7j1DFFHSBg==

regenerator-runtime@^0.13.2:
  version "0.13.2"
  resolved "https://registry.yarnpkg.com/regenerator-runtime/-/regenerator-runtime-0.13.2.tgz#32e59c9a6fb9b1a4aff09b4930ca2d4477343447"
  integrity sha512-S/TQAZJO+D3m9xeN1WTI8dLKBBiRgXBlTJvbWjCThHWZj9EvHK70Ff50/tYj2J/fvBY6JtFVwRuazHN2E7M9BA==

rtl-css-js@^1.13.0:
  version "1.13.0"
  resolved "https://registry.yarnpkg.com/rtl-css-js/-/rtl-css-js-1.13.0.tgz#e97ebb67dd9fc6c4be1278730901967fc432ed9f"
  integrity sha512-zUydBqLfSKEk6XF+OiK1fmReAsnoZz0MKIYPsAfP4DZuCdLewtH7nDwXpnqd8jbL7J1pE9uCaOLTkfQGAFfJRw==
  dependencies:
    "@babel/runtime" "^7.1.2"

scheduler@^0.13.6:
  version "0.13.6"
  resolved "https://registry.yarnpkg.com/scheduler/-/scheduler-0.13.6.tgz#466a4ec332467b31a91b9bf74e5347072e4cd889"
  integrity sha512-IWnObHt413ucAYKsD9J1QShUKkbKLQQHdxRyw73sw4FN26iWr3DY/H34xGPe4nmL1DwXyWmSWmMrA9TfQbE/XQ==
  dependencies:
    loose-envify "^1.1.0"
    object-assign "^4.1.1"

shallowequal@^1.1.0:
  version "1.1.0"
  resolved "https://registry.yarnpkg.com/shallowequal/-/shallowequal-1.1.0.tgz#188d521de95b9087404fd4dcb68b13df0ae4e7f8"
  integrity sha512-y0m1JoUZSlPAjXVtPPW70aZWfIL/dSP7AFkRnniLCrK/8MDKog3TySTBmckD+RObVxH0v4Tox67+F14PdED2oQ==

string-hash@^1.1.3:
  version "1.1.3"
  resolved "https://registry.yarnpkg.com/string-hash/-/string-hash-1.1.3.tgz#e8aafc0ac1855b4666929ed7dd1275df5d6c811b"
  integrity sha1-6Kr8CsGFW0Zmkp7X3RJ1311sgRs=

stylis@^3.5.4:
  version "3.5.4"
  resolved "https://registry.yarnpkg.com/stylis/-/stylis-3.5.4.tgz#f665f25f5e299cf3d64654ab949a57c768b73fbe"
  integrity sha512-8/3pSmthWM7lsPBKv7NXkzn2Uc9W7NotcwGNpJaa3k7WMM1XDCA4MgT5k/8BIexd5ydZdboXtU90XH9Ec4Bv/Q==

toggle-selection@^1.0.6:
  version "1.0.6"
  resolved "https://registry.yarnpkg.com/toggle-selection/-/toggle-selection-1.0.6.tgz#6e45b1263f2017fa0acc7d89d78b15b8bf77da32"
  integrity sha1-bkWxJj8gF/oKzH2J14sVuL932jI=

utility-types@^3.7.0:
  version "3.7.0"
  resolved "https://registry.yarnpkg.com/utility-types/-/utility-types-3.7.0.tgz#51f1c29fa35d4267488345706efcf3f68f2b1933"
  integrity sha512-mqRJXN7dEArK/NZNJUubjr9kbFFVZcmF/JHDc9jt5O/aYXUVmopHYujDMhLmLil1Bxo2+khe6KAIVvDH9Yc4VA==

uuid@^3.3.2:
  version "3.3.2"
  resolved "https://registry.yarnpkg.com/uuid/-/uuid-3.3.2.tgz#1b4af4955eb3077c501c23872fc6513811587131"
  integrity sha512-yXJmeNaw3DnnKAOKJE51sL/ZaYfWJRl1pK9dr19YFCu0ObS231AB1/LbqTKRAQ5kw8A90rA6fr4riOUpTZvQZA==
